
Microsoft Visual Studio Solution File, Format Version 12.00
# Visual Studio Version 17
VisualStudioVersion = 17.4.33213.308
MinimumVisualStudioVersion = 10.0.40219.1
Project("{9A19103F-16F7-4668-BE54-9A1E7A4F7556}") = "DC.WebAPI", "Mariner.WebAPI\DC.WebAPI.csproj", "{2BB9AC20-26CF-4A7D-892A-A2A541CEA82C}"
EndProject
Project("{2150E333-8FDC-42A3-9474-1A3956D46DE8}") = "Core", "Core", "{388349DF-7A11-47D7-8412-8C8E79088D34}"
EndProject
Project("{9A19103F-16F7-4668-BE54-9A1E7A4F7556}") = "DC.Domain", "Mariner.Domain\DC.Domain.csproj", "{3440021F-4F4A-406D-AAE4-E2475A20F106}"
EndProject
Project("{9A19103F-16F7-4668-BE54-9A1E7A4F7556}") = "DC.Application", "Mariner.Application\DC.Application.csproj", "{D95B59BE-3EA7-4E80-98A8-9715E4F93A99}"
EndProject
Project("{2150E333-8FDC-42A3-9474-1A3956D46DE8}") = "Infrastructure", "Infrastructure", "{7A62318F-0DFF-4469-B839-8334F2976C97}"
EndProject
Project("{9A19103F-16F7-4668-BE54-9A1E7A4F7556}") = "DC.Persistence", "Mariner.Persistence\DC.Persistence.csproj", "{588AC9DD-C521-4DD6-B407-D2E3D42B0C83}"
EndProject
Project("{2150E333-8FDC-42A3-9474-1A3956D46DE8}") = "Presentation", "Presentation", "{8BBC39D6-D1FC-4922-BB8B-4E80FF24A8B9}"
EndProject
Project("{2150E333-8FDC-42A3-9474-1A3956D46DE8}") = "Services", "Services", "{4FCB66BA-7B09-458A-B40D-98B2425F0135}"
EndProject
Project("{2150E333-8FDC-42A3-9474-1A3956D46DE8}") = "DCManagementOne", "DCManagementOne", "{F48E143B-02D4-4E9B-97C6-7C335DC8D757}"
EndProject
Project("{2150E333-8FDC-42A3-9474-1A3956D46DE8}") = "DCManagementTwo", "DCManagementTwo", "{FD0B012D-30AA-44A9-AA69-074902470873}"
EndProject
Project("{2150E333-8FDC-42A3-9474-1A3956D46DE8}") = "Core", "Core", "{115BF0BB-72C0-470F-A421-4CDF5EC162FC}"
EndProject
Project("{2150E333-8FDC-42A3-9474-1A3956D46DE8}") = "Infrastructure", "Infrastructure", "{D1ECF245-6B3A-474A-9D01-4F99B52B2C63}"
EndProject
Project("{2150E333-8FDC-42A3-9474-1A3956D46DE8}") = "Presentation", "Presentation", "{23A839C8-EFE5-4762-8916-3D99DF951B23}"
EndProject
Global
	GlobalSection(SolutionConfigurationPlatforms) = preSolution
		Debug|Any CPU = Debug|Any CPU
		Release|Any CPU = Release|Any CPU
	EndGlobalSection
	GlobalSection(ProjectConfigurationPlatforms) = postSolution
		{2BB9AC20-26CF-4A7D-892A-A2A541CEA82C}.Debug|Any CPU.ActiveCfg = Debug|Any CPU
		{2BB9AC20-26CF-4A7D-892A-A2A541CEA82C}.Debug|Any CPU.Build.0 = Debug|Any CPU
		{2BB9AC20-26CF-4A7D-892A-A2A541CEA82C}.Release|Any CPU.ActiveCfg = Release|Any CPU
		{2BB9AC20-26CF-4A7D-892A-A2A541CEA82C}.Release|Any CPU.Build.0 = Release|Any CPU
		{3440021F-4F4A-406D-AAE4-E2475A20F106}.Debug|Any CPU.ActiveCfg = Debug|Any CPU
		{3440021F-4F4A-406D-AAE4-E2475A20F106}.Debug|Any CPU.Build.0 = Debug|Any CPU
		{3440021F-4F4A-406D-AAE4-E2475A20F106}.Release|Any CPU.ActiveCfg = Release|Any CPU
		{3440021F-4F4A-406D-AAE4-E2475A20F106}.Release|Any CPU.Build.0 = Release|Any CPU
		{D95B59BE-3EA7-4E80-98A8-9715E4F93A99}.Debug|Any CPU.ActiveCfg = Debug|Any CPU
		{D95B59BE-3EA7-4E80-98A8-9715E4F93A99}.Debug|Any CPU.Build.0 = Debug|Any CPU
		{D95B59BE-3EA7-4E80-98A8-9715E4F93A99}.Release|Any CPU.ActiveCfg = Release|Any CPU
		{D95B59BE-3EA7-4E80-98A8-9715E4F93A99}.Release|Any CPU.Build.0 = Release|Any CPU
		{588AC9DD-C521-4DD6-B407-D2E3D42B0C83}.Debug|Any CPU.ActiveCfg = Debug|Any CPU
		{588AC9DD-C521-4DD6-B407-D2E3D42B0C83}.Debug|Any CPU.Build.0 = Debug|Any CPU
		{588AC9DD-C521-4DD6-B407-D2E3D42B0C83}.Release|Any CPU.ActiveCfg = Release|Any CPU
		{588AC9DD-C521-4DD6-B407-D2E3D42B0C83}.Release|Any CPU.Build.0 = Release|Any CPU
	EndGlobalSection
	GlobalSection(SolutionProperties) = preSolution
		HideSolutionNode = FALSE
	EndGlobalSection
	GlobalSection(NestedProjects) = preSolution
		{2BB9AC20-26CF-4A7D-892A-A2A541CEA82C} = {8BBC39D6-D1FC-4922-BB8B-4E80FF24A8B9}
		{388349DF-7A11-47D7-8412-8C8E79088D34} = {F48E143B-02D4-4E9B-97C6-7C335DC8D757}
		{3440021F-4F4A-406D-AAE4-E2475A20F106} = {388349DF-7A11-47D7-8412-8C8E79088D34}
		{D95B59BE-3EA7-4E80-98A8-9715E4F93A99} = {388349DF-7A11-47D7-8412-8C8E79088D34}
		{7A62318F-0DFF-4469-B839-8334F2976C97} = {F48E143B-02D4-4E9B-97C6-7C335DC8D757}
		{588AC9DD-C521-4DD6-B407-D2E3D42B0C83} = {7A62318F-0DFF-4469-B839-8334F2976C97}
		{8BBC39D6-D1FC-4922-BB8B-4E80FF24A8B9} = {F48E143B-02D4-4E9B-97C6-7C335DC8D757}
		{F48E143B-02D4-4E9B-97C6-7C335DC8D757} = {4FCB66BA-7B09-458A-B40D-98B2425F0135}
		{FD0B012D-30AA-44A9-AA69-074902470873} = {4FCB66BA-7B09-458A-B40D-98B2425F0135}
		{115BF0BB-72C0-470F-A421-4CDF5EC162FC} = {FD0B012D-30AA-44A9-AA69-074902470873}
		{D1ECF245-6B3A-474A-9D01-4F99B52B2C63} = {FD0B012D-30AA-44A9-AA69-074902470873}
		{23A839C8-EFE5-4762-8916-3D99DF951B23} = {FD0B012D-30AA-44A9-AA69-074902470873}
	EndGlobalSection
	GlobalSection(ExtensibilityGlobals) = postSolution
		SolutionGuid = {1BC4E7FF-D84C-4BFD-A57B-1A3ED5FA587D}
	EndGlobalSection
EndGlobal
